
Microsoft Visual Studio Solution File, Format Version 12.00
# Visual Studio 15
VisualStudioVersion = 15.0.28010.2036
MinimumVisualStudioVersion = 10.0.40219.1
Project("{FAE04EC0-301F-11D3-BF4B-00C04F79EFBC}") = "YemekTarifiSite", "YemekTarifiSite\YemekTarifiSite.csproj", "{81506B9A-AD58-42BA-B1E0-2203823A87C3}"
EndProject
Global
	GlobalSection(SolutionConfigurationPlatforms) = preSolution
		Debug|Any CPU = Debug|Any CPU
		Release|Any CPU = Release|Any CPU
	EndGlobalSection
	GlobalSection(ProjectConfigurationPlatforms) = postSolution
		{81506B9A-AD58-42BA-B1E0-2203823A87C3}.Debug|Any CPU.ActiveCfg = Debug|Any CPU
		{81506B9A-AD58-42BA-B1E0-2203823A87C3}.Debug|Any CPU.Build.0 = Debug|Any CPU
		{81506B9A-AD58-42BA-B1E0-2203823A87C3}.Release|Any CPU.ActiveCfg = Release|Any CPU
		{81506B9A-AD58-42BA-B1E0-2203823A87C3}.Release|Any CPU.Build.0 = Release|Any CPU
	EndGlobalSection
	GlobalSection(SolutionProperties) = preSolution
		HideSolutionNode = FALSE
	EndGlobalSection
	GlobalSection(ExtensibilityGlobals) = postSolution
		SolutionGuid = {7771F33C-7BAF-4DE3-A0A4-E6F3CD3730B4}
	EndGlobalSection
EndGlobal
